
Microsoft Visual Studio Solution File, Format Version 12.00
# Visual Studio Version 16
VisualStudioVersion = 16.0.32901.82
MinimumVisualStudioVersion = 10.0.40219.1
Project("{FAE04EC0-301F-11D3-BF4B-00C04F79EFBC}") = "Static-Struct-Extentions-Enums", "Static-Struct-Extentions-Enums\Static-Struct-Extentions-Enums.csproj", "{ADF0BDA1-5D8E-4C0E-8AA1-922DA2898C41}"
EndProject
Project("{FAE04EC0-301F-11D3-BF4B-00C04F79EFBC}") = "Service", "Service\Service.csproj", "{0C42BE42-1D20-411F-83B8-1F44894227D1}"
EndProject
Global
	GlobalSection(SolutionConfigurationPlatforms) = preSolution
		Debug|Any CPU = Debug|Any CPU
		Release|Any CPU = Release|Any CPU
	EndGlobalSection
	GlobalSection(ProjectConfigurationPlatforms) = postSolution
		{ADF0BDA1-5D8E-4C0E-8AA1-922DA2898C41}.Debug|Any CPU.ActiveCfg = Debug|Any CPU
		{ADF0BDA1-5D8E-4C0E-8AA1-922DA2898C41}.Debug|Any CPU.Build.0 = Debug|Any CPU
		{ADF0BDA1-5D8E-4C0E-8AA1-922DA2898C41}.Release|Any CPU.ActiveCfg = Release|Any CPU
		{ADF0BDA1-5D8E-4C0E-8AA1-922DA2898C41}.Release|Any CPU.Build.0 = Release|Any CPU
		{0C42BE42-1D20-411F-83B8-1F44894227D1}.Debug|Any CPU.ActiveCfg = Debug|Any CPU
		{0C42BE42-1D20-411F-83B8-1F44894227D1}.Debug|Any CPU.Build.0 = Debug|Any CPU
		{0C42BE42-1D20-411F-83B8-1F44894227D1}.Release|Any CPU.ActiveCfg = Release|Any CPU
		{0C42BE42-1D20-411F-83B8-1F44894227D1}.Release|Any CPU.Build.0 = Release|Any CPU
	EndGlobalSection
	GlobalSection(SolutionProperties) = preSolution
		HideSolutionNode = FALSE
	EndGlobalSection
	GlobalSection(ExtensibilityGlobals) = postSolution
		SolutionGuid = {45A0A769-888C-41C1-B897-6A0F32F7EA50}
	EndGlobalSection
EndGlobal
